PODS:
  - TYModuleManager (1.0.6)
  - TYTabBarController (0.1.0):
    - TYModuleManager

DEPENDENCIES:
  - TYTabBarController (from `../`)

SPEC REPOS:
  https://github.com/TuyaInc/TYPublicSpecs.git:
    - TYModuleManager

EXTERNAL SOURCES:
  TYTabBarController:
    :path: "../"

SPEC CHECKSUMS:
  TYModuleManager: bda85219b4c0c6b3af0a3afed56926775edfad8b
  TYTabBarController: 6b0f70d07c303432016be1b514ecfdfb2c0d98d2

PODFILE CHECKSUM: 6e2013237a69fce393a74df5e965e0ea370a1b76

COCOAPODS: 1.5.3
